dependencies:
  espressif/esp-dsp:
    component_hash: 939e9c053487d6e7b7320a5cb761b2200e4b331730d6721668755ef76ab9f067
    dependencies:
    - name: idf
      require: private
      version: '>=4.2'
    source:
      registry_url: https://components.espressif.com/
      type: service
    version: 1.7.1
  idf:
    source:
      type: idf
    version: 5.3.0
  u8g2:
    component_hash: f6ae45377abd2b498f7e2dee67722ca7bb5a975bb012d803a892cbcc4c05cb37
    dependencies: []
    source:
      git: https://github.com/olikraus/u8g2.git
      path: .
      type: git
    version: 41e43b4abaeaa0da88f161d3e9bc37d36ff5259a
  u8g2-hal-esp-idf:
    component_hash: 66004895b7fdde41d83039db9efeeeaed11bdea9a456a2a68980818a8a097e81
    dependencies: []
    source:
      git: https://github.com/mkfrey/u8g2-hal-esp-idf.git
      path: .
      type: git
    version: 4ddd714deabdb45885174724306637f2274d4f6b
direct_dependencies:
- espressif/esp-dsp
- idf
- u8g2
- u8g2-hal-esp-idf
manifest_hash: 25233f4440ec430274f0c0f4e49c35608ebfa6975155c77cabb41d8e938534c2
target: esp32s3
version: 2.0.0
